
Microsoft Visual Studio Solution File, Format Version 12.00
# Visual Studio 15
VisualStudioVersion = 15.0.27703.2042
MinimumVisualStudioVersion = 10.0.40219.1
Project("{FAE04EC0-301F-11D3-BF4B-00C04F79EFBC}") = "run", "run\run.csproj", "{2C57E566-84AD-40CF-971F-C93E559C6013}"
EndProject
Project("{FAE04EC0-301F-11D3-BF4B-00C04F79EFBC}") = "src", "src\src.csproj", "{22AB3DB2-60E4-4F0E-8EE2-212FA0D06544}"
EndProject
Project("{FAE04EC0-301F-11D3-BF4B-00C04F79EFBC}") = "test", "test\test.csproj", "{7471461E-CE7A-4951-BE98-B3A820EC2224}"
EndProject
Global
	GlobalSection(SolutionConfigurationPlatforms) = preSolution
		Debug|Any CPU = Debug|Any CPU
		Release|Any CPU = Release|Any CPU
	EndGlobalSection
	GlobalSection(ProjectConfigurationPlatforms) = postSolution
		{2C57E566-84AD-40CF-971F-C93E559C6013}.Debug|Any CPU.ActiveCfg = Debug|Any CPU
		{2C57E566-84AD-40CF-971F-C93E559C6013}.Debug|Any CPU.Build.0 = Debug|Any CPU
		{2C57E566-84AD-40CF-971F-C93E559C6013}.Release|Any CPU.ActiveCfg = Release|Any CPU
		{2C57E566-84AD-40CF-971F-C93E559C6013}.Release|Any CPU.Build.0 = Release|Any CPU
		{22AB3DB2-60E4-4F0E-8EE2-212FA0D06544}.Debug|Any CPU.ActiveCfg = Debug|Any CPU
		{22AB3DB2-60E4-4F0E-8EE2-212FA0D06544}.Debug|Any CPU.Build.0 = Debug|Any CPU
		{22AB3DB2-60E4-4F0E-8EE2-212FA0D06544}.Release|Any CPU.ActiveCfg = Release|Any CPU
		{22AB3DB2-60E4-4F0E-8EE2-212FA0D06544}.Release|Any CPU.Build.0 = Release|Any CPU
		{7471461E-CE7A-4951-BE98-B3A820EC2224}.Debug|Any CPU.ActiveCfg = Debug|Any CPU
		{7471461E-CE7A-4951-BE98-B3A820EC2224}.Debug|Any CPU.Build.0 = Debug|Any CPU
		{7471461E-CE7A-4951-BE98-B3A820EC2224}.Release|Any CPU.ActiveCfg = Release|Any CPU
		{7471461E-CE7A-4951-BE98-B3A820EC2224}.Release|Any CPU.Build.0 = Release|Any CPU
	EndGlobalSection
	GlobalSection(SolutionProperties) = preSolution
		HideSolutionNode = FALSE
	EndGlobalSection
	GlobalSection(ExtensibilityGlobals) = postSolution
		SolutionGuid = {BB3B2CF5-CDEF-456A-B8FC-63364DD01BFF}
	EndGlobalSection
EndGlobal
